
Microsoft Visual Studio Solution File, Format Version 12.00
# Visual Studio Version 17
VisualStudioVersion = 17.2.32616.157
MinimumVisualStudioVersion = 10.0.40219.1
Project("{FAE04EC0-301F-11D3-BF4B-00C04F79EFBC}") = "ImageResizeOCRBlazorWasm.Server", "ImageResizeOCRBlazorWasm\Server\ImageResizeOCRBlazorWasm.Server.csproj", "{D9FE00A0-B7A5-406D-9658-7DA8674341EE}"
EndProject
Project("{FAE04EC0-301F-11D3-BF4B-00C04F79EFBC}") = "ImageResizeOCRBlazorWasm.Client", "ImageResizeOCRBlazorWasm\Client\ImageResizeOCRBlazorWasm.Client.csproj", "{5413F7F9-9A68-4FBA-999A-6D8475E00529}"
EndProject
Project("{FAE04EC0-301F-11D3-BF4B-00C04F79EFBC}") = "ImageResizeOCRBlazorWasm.Shared", "ImageResizeOCRBlazorWasm\Shared\ImageResizeOCRBlazorWasm.Shared.csproj", "{8B02A431-A700-4295-ACF6-BEB3BD6FD5DB}"
EndProject
Global
	GlobalSection(SolutionConfigurationPlatforms) = preSolution
		Debug|Any CPU = Debug|Any CPU
		Release|Any CPU = Release|Any CPU
	EndGlobalSection
	GlobalSection(ProjectConfigurationPlatforms) = postSolution
		{D9FE00A0-B7A5-406D-9658-7DA8674341EE}.Debug|Any CPU.ActiveCfg = Debug|Any CPU
		{D9FE00A0-B7A5-406D-9658-7DA8674341EE}.Debug|Any CPU.Build.0 = Debug|Any CPU
		{D9FE00A0-B7A5-406D-9658-7DA8674341EE}.Release|Any CPU.ActiveCfg = Release|Any CPU
		{D9FE00A0-B7A5-406D-9658-7DA8674341EE}.Release|Any CPU.Build.0 = Release|Any CPU
		{5413F7F9-9A68-4FBA-999A-6D8475E00529}.Debug|Any CPU.ActiveCfg = Debug|Any CPU
		{5413F7F9-9A68-4FBA-999A-6D8475E00529}.Debug|Any CPU.Build.0 = Debug|Any CPU
		{5413F7F9-9A68-4FBA-999A-6D8475E00529}.Release|Any CPU.ActiveCfg = Release|Any CPU
		{5413F7F9-9A68-4FBA-999A-6D8475E00529}.Release|Any CPU.Build.0 = Release|Any CPU
		{8B02A431-A700-4295-ACF6-BEB3BD6FD5DB}.Debug|Any CPU.ActiveCfg = Debug|Any CPU
		{8B02A431-A700-4295-ACF6-BEB3BD6FD5DB}.Debug|Any CPU.Build.0 = Debug|Any CPU
		{8B02A431-A700-4295-ACF6-BEB3BD6FD5DB}.Release|Any CPU.ActiveCfg = Release|Any CPU
		{8B02A431-A700-4295-ACF6-BEB3BD6FD5DB}.Release|Any CPU.Build.0 = Release|Any CPU
	EndGlobalSection
	GlobalSection(SolutionProperties) = preSolution
		HideSolutionNode = FALSE
	EndGlobalSection
	GlobalSection(ExtensibilityGlobals) = postSolution
		SolutionGuid = {34B0D2B7-66E1-4E2B-835B-20E78A00FF13}
	EndGlobalSection
EndGlobal
